
Microsoft Visual Studio Solution File, Format Version 10.00
# Visual C++ Express 2008
Project("{8BC9CEB8-8B4A-11D0-8D11-00A0C91BC942}") = "tristate", "tristate.vcproj", "{7E582BAB-D3EC-437B-A1A8-2E98583E7D34}"
EndProject
Global
	GlobalSection(SolutionConfigurationPlatforms) = preSolution
		Debug|Win32 = Debug|Win32
		Release|Win32 = Release|Win32
	EndGlobalSection
	GlobalSection(ProjectConfigurationPlatforms) = postSolution
		{7E582BAB-D3EC-437B-A1A8-2E98583E7D34}.Debug|Win32.ActiveCfg = Debug|Win32
		{7E582BAB-D3EC-437B-A1A8-2E98583E7D34}.Debug|Win32.Build.0 = Debug|Win32
		{7E582BAB-D3EC-437B-A1A8-2E98583E7D34}.Release|Win32.ActiveCfg = Release|Win32
		{7E582BAB-D3EC-437B-A1A8-2E98583E7D34}.Release|Win32.Build.0 = Release|Win32
	EndGlobalSection
	GlobalSection(SolutionProperties) = preSolution
		HideSolutionNode = FALSE
	EndGlobalSection
EndGlobal
